
Microsoft Visual Studio Solution File, Format Version 12.00
# Visual Studio Version 17
VisualStudioVersion = 17.2.32630.192
MinimumVisualStudioVersion = 10.0.40219.1
Project("{8BC9CEB8-8B4A-11D0-8D11-00A0C91BC942}") = "game", "game.vcxproj", "{1D0D506C-9E10-3302-B48E-8D91C7278CFB}"
EndProject
Global
	GlobalSection(SolutionConfigurationPlatforms) = preSolution
		Debug|x64 = Debug|x64
		Release|x64 = Release|x64
	EndGlobalSection
	GlobalSection(ProjectConfigurationPlatforms) = postSolution
		{1D0D506C-9E10-3302-B48E-8D91C7278CFB}.Debug|x64.ActiveCfg = Debug|x64
		{1D0D506C-9E10-3302-B48E-8D91C7278CFB}.Debug|x64.Build.0 = Debug|x64
		{1D0D506C-9E10-3302-B48E-8D91C7278CFB}.Release|x64.ActiveCfg = Release|x64
		{1D0D506C-9E10-3302-B48E-8D91C7278CFB}.Release|x64.Build.0 = Release|x64
	EndGlobalSection
	GlobalSection(SolutionProperties) = preSolution
		HideSolutionNode = FALSE
	EndGlobalSection
	GlobalSection(ExtensibilityGlobals) = postSolution
		SolutionGuid = {C8504D7F-DB6E-45C0-8C59-C512683D898A}
	EndGlobalSection
EndGlobal
